
Microsoft Visual Studio Solution File, Format Version 12.00
# Visual Studio Version 16
VisualStudioVersion = 16.0.32002.261
MinimumVisualStudioVersion = 10.0.40219.1
Project("{8BC9CEB8-8B4A-11D0-8D11-00A0C91BC942}") = "ProblemSet_1_b", "ProblemSet_1_b.vcxproj", "{1669A29A-35B1-4269-8A34-769F5CC2AFF8}"
EndProject
Global
	GlobalSection(SolutionConfigurationPlatforms) = preSolution
		Debug|x64 = Debug|x64
		Debug|x86 = Debug|x86
		Release|x64 = Release|x64
		Release|x86 = Release|x86
	EndGlobalSection
	GlobalSection(ProjectConfigurationPlatforms) = postSolution
		{1669A29A-35B1-4269-8A34-769F5CC2AFF8}.Debug|x64.ActiveCfg = Debug|x64
		{1669A29A-35B1-4269-8A34-769F5CC2AFF8}.Debug|x64.Build.0 = Debug|x64
		{1669A29A-35B1-4269-8A34-769F5CC2AFF8}.Debug|x86.ActiveCfg = Debug|Win32
		{1669A29A-35B1-4269-8A34-769F5CC2AFF8}.Debug|x86.Build.0 = Debug|Win32
		{1669A29A-35B1-4269-8A34-769F5CC2AFF8}.Release|x64.ActiveCfg = Release|x64
		{1669A29A-35B1-4269-8A34-769F5CC2AFF8}.Release|x64.Build.0 = Release|x64
		{1669A29A-35B1-4269-8A34-769F5CC2AFF8}.Release|x86.ActiveCfg = Release|Win32
		{1669A29A-35B1-4269-8A34-769F5CC2AFF8}.Release|x86.Build.0 = Release|Win32
	EndGlobalSection
	GlobalSection(SolutionProperties) = preSolution
		HideSolutionNode = FALSE
	EndGlobalSection
	GlobalSection(ExtensibilityGlobals) = postSolution
		SolutionGuid = {2A0C1663-DC78-43DD-8A09-FC9A637FAC6E}
	EndGlobalSection
EndGlobal
